
Microsoft Visual Studio Solution File, Format Version 12.00
# Visual Studio Version 16
VisualStudioVersion = 16.0.30114.105
MinimumVisualStudioVersion = 10.0.40219.1
Project("{2150E333-8FDC-42A3-9474-1A3956D46DE8}") = "src", "src", "{1C7C61A6-E5C7-4B9D-ADF9-2CE64BBE76B0}"
EndProject
Project("{FAE04EC0-301F-11D3-BF4B-00C04F79EFBC}") = "DeliveryCatalogo", "src\DeliveryCatalogo\DeliveryCatalogo.csproj", "{203FF0F6-2B6C-4D36-BB62-297939794A8E}"
EndProject
Global
	GlobalSection(SolutionConfigurationPlatforms) = preSolution
		Debug|Any CPU = Debug|Any CPU
		Release|Any CPU = Release|Any CPU
	EndGlobalSection
	GlobalSection(SolutionProperties) = preSolution
		HideSolutionNode = FALSE
	EndGlobalSection
	GlobalSection(ProjectConfigurationPlatforms) = postSolution
		{203FF0F6-2B6C-4D36-BB62-297939794A8E}.Debug|Any CPU.ActiveCfg = Debug|Any CPU
		{203FF0F6-2B6C-4D36-BB62-297939794A8E}.Debug|Any CPU.Build.0 = Debug|Any CPU
		{203FF0F6-2B6C-4D36-BB62-297939794A8E}.Release|Any CPU.ActiveCfg = Release|Any CPU
		{203FF0F6-2B6C-4D36-BB62-297939794A8E}.Release|Any CPU.Build.0 = Release|Any CPU
	EndGlobalSection
	GlobalSection(NestedProjects) = preSolution
		{203FF0F6-2B6C-4D36-BB62-297939794A8E} = {1C7C61A6-E5C7-4B9D-ADF9-2CE64BBE76B0}
	EndGlobalSection
EndGlobal
